// !$*UTF8*$!
{
	archiveVersion = 1;
	classes = {
	};
	objectVersion = 46;
	objects = {

/* Begin PBXBuildFile section */
		03EB99441846E05200CDB5FE /* Foundation.framework in Frameworks */ = {isa = PBXBuildFile; fileRef = 03EB99431846E05200CDB5FE /* Foundation.framework */; };
		03EB99461846E05200CDB5FE /* CoreGraphics.framework in Frameworks */ = {isa = PBXBuildFile; fileRef = 03EB99451846E05200CDB5FE /* CoreGraphics.framework */; };
		03EB99481846E05200CDB5FE /* UIKit.framework in Frameworks */ = {isa = PBXBuildFile; fileRef = 03EB99471846E05200CDB5FE /* UIKit.framework */; };
		03EB994E1846E05200CDB5FE /* InfoPlist.strings in Resources */ = {isa = PBXBuildFile; fileRef = 03EB994C1846E05200CDB5FE /* InfoPlist.strings */; };
		03EB99501846E05200CDB5FE /* main.m in Sources */ = {isa = PBXBuildFile; fileRef = 03EB994F1846E05200CDB5FE /* main.m */; };
		03EB99541846E05200CDB5FE /* CardGameAppDelegate.m in Sources */ = {isa = PBXBuildFile; fileRef = 03EB99531846E05200CDB5FE /* CardGameAppDelegate.m */; };
		03EB99571846E05200CDB5FE /* Main.storyboard in Resources */ = {isa = PBXBuildFile; fileRef = 03EB99551846E05200CDB5FE /* Main.storyboard */; };
		03EB995A1846E05200CDB5FE /* CardGameViewController.m in Sources */ = {isa = PBXBuildFile; fileRef = 03EB99591846E05200CDB5FE /* CardGameViewController.m */; };
		03EB995C1846E05200CDB5FE /* Images.xcassets in Resources */ = {isa = PBXBuildFile; fileRef = 03EB995B1846E05200CDB5FE /* Images.xcassets */; };
		03EB99631846E05200CDB5FE /* XCTest.framework in Frameworks */ = {isa = PBXBuildFile; fileRef = 03EB99621846E05200CDB5FE /* XCTest.framework */; };
		03EB99641846E05200CDB5FE /* Foundation.framework in Frameworks */ = {isa = PBXBuildFile; fileRef = 03EB99431846E05200CDB5FE /* Foundation.framework */; };
		03EB99651846E05200CDB5FE /* UIKit.framework in Frameworks */ = {isa = PBXBuildFile; fileRef = 03EB99471846E05200CDB5FE /* UIKit.framework */; };
		03EB996D1846E05200CDB5FE /* InfoPlist.strings in Resources */ = {isa = PBXBuildFile; fileRef = 03EB996B1846E05200CDB5FE /* InfoPlist.strings */; };
		03EB996F1846E05200CDB5FE /* MatchismoTests.m in Sources */ = {isa = PBXBuildFile; fileRef = 03EB996E1846E05200CDB5FE /* MatchismoTests.m */; };
		03EB997A18470B2100CDB5FE /* Card.m in Sources */ = {isa = PBXBuildFile; fileRef = 03EB997918470B2100CDB5FE /* Card.m */; };
		03EB997E184726C000CDB5FE /* PlayingCard.m in Sources */ = {isa = PBXBuildFile; fileRef = 03EB997D184726C000CDB5FE /* PlayingCard.m */; };
		03EB998118472A5600CDB5FE /* Deck.m in Sources */ = {isa = PBXBuildFile; fileRef = 03EB998018472A5600CDB5FE /* Deck.m */; };
		03EB9987184825B700CDB5FE /* PlayingCardDeck.m in Sources */ = {isa = PBXBuildFile; fileRef = 03EB9986184825B700CDB5FE /* PlayingCardDeck.m */; };
		03EB998A1848327300CDB5FE /* CardMatchingGame.m in Sources */ = {isa = PBXBuildFile; fileRef = 03EB99891848327300CDB5FE /* CardMatchingGame.m */; };
/* End PBXBuildFile section */

/* Begin PBXContainerItemProxy section */
		03EB99661846E05200CDB5FE /* PBXContainerItemProxy */ = {
			isa = PBXContainerItemProxy;
			containerPortal = 03EB99381846E05200CDB5FE /* Project object */;
			proxyType = 1;
			remoteGlobalIDString = 03EB993F1846E05200CDB5FE;
			remoteInfo = Matchismo;
		};
/* End PBXContainerItemProxy section */

/* Begin PBXFileReference section */
		03EB99401846E05200CDB5FE /* Matchismo.app */ = {isa = PBXFileReference; explicitFileType = wrapper.application; includeInIndex = 0; path = Matchismo.app; sourceTree = BUILT_PRODUCTS_DIR; };
		03EB99431846E05200CDB5FE /* Foundation.framework */ = {isa = PBXFileReference; lastKnownFileType = wrapper.framework; name = Foundation.framework; path = System/Library/Frameworks/Foundation.framework; sourceTree = SDKROOT; };
		03EB99451846E05200CDB5FE /* CoreGraphics.framework */ = {isa = PBXFileReference; lastKnownFileType = wrapper.framework; name = CoreGraphics.framework; path = System/Library/Frameworks/CoreGraphics.framework; sourceTree = SDKROOT; };
		03EB99471846E05200CDB5FE /* UIKit.framework */ = {isa = PBXFileReference; lastKnownFileType = wrapper.framework; name = UIKit.framework; path = System/Library/Frameworks/UIKit.framework; sourceTree = SDKROOT; };
		03EB994B1846E05200CDB5FE /* Matchismo-Info.plist */ = {isa = PBXFileReference; lastKnownFileType = text.plist.xml; path = "Matchismo-Info.plist"; sourceTree = "<group>"; };
		03EB994D1846E05200CDB5FE /* en */ = {isa = PBXFileReference; lastKnownFileType = text.plist.strings; name = en; path = en.lproj/InfoPlist.strings; sourceTree = "<group>"; };
		03EB994F1846E05200CDB5FE /* main.m */ = {isa = PBXFileReference; lastKnownFileType = sourcecode.c.objc; path = main.m; sourceTree = "<group>"; };
		03EB99511846E05200CDB5FE /* Matchismo-Prefix.pch */ = {isa = PBXFileReference; lastKnownFileType = sourcecode.c.h; path = "Matchismo-Prefix.pch"; sourceTree = "<group>"; };
		03EB99521846E05200CDB5FE /* CardGameAppDelegate.h */ = {isa = PBXFileReference; lastKnownFileType = sourcecode.c.h; path = CardGameAppDelegate.h; sourceTree = "<group>"; };
		03EB99531846E05200CDB5FE /* CardGameAppDelegate.m */ = {isa = PBXFileReference; lastKnownFileType = sourcecode.c.objc; path = CardGameAppDelegate.m; sourceTree = "<group>"; };
		03EB99561846E05200CDB5FE /* Base */ = {isa = PBXFileReference; lastKnownFileType = file.storyboard; name = Base; path = Base.lproj/Main.storyboard; sourceTree = "<group>"; };
		03EB99581846E05200CDB5FE /* CardGameViewController.h */ = {isa = PBXFileReference; lastKnownFileType = sourcecode.c.h; path = CardGameViewController.h; sourceTree = "<group>"; };
		03EB99591846E05200CDB5FE /* CardGameViewController.m */ = {isa = PBXFileReference; lastKnownFileType = sourcecode.c.objc; path = CardGameViewController.m; sourceTree = "<group>"; };
		03EB995B1846E05200CDB5FE /* Images.xcassets */ = {isa = PBXFileReference; lastKnownFileType = folder.assetcatalog; path = Images.xcassets; sourceTree = "<group>"; };
		03EB99611846E05200CDB5FE /* MatchismoTests.xctest */ = {isa = PBXFileReference; explicitFileType = wrapper.cfbundle; includeInIndex = 0; path = MatchismoTests.xctest; sourceTree = BUILT_PRODUCTS_DIR; };
		03EB99621846E05200CDB5FE /* XCTest.framework */ = {isa = PBXFileReference; lastKnownFileType = wrapper.framework; name = XCTest.framework; path = Library/Frameworks/XCTest.framework; sourceTree = DEVELOPER_DIR; };
		03EB996A1846E05200CDB5FE /* MatchismoTests-Info.plist */ = {isa = PBXFileReference; lastKnownFileType = text.plist.xml; path = "MatchismoTests-Info.plist"; sourceTree = "<group>"; };
		03EB996C1846E05200CDB5FE /* en */ = {isa = PBXFileReference; lastKnownFileType = text.plist.strings; name = en; path = en.lproj/InfoPlist.strings; sourceTree = "<group>"; };
		03EB996E1846E05200CDB5FE /* MatchismoTests.m */ = {isa = PBXFileReference; lastKnownFileType = sourcecode.c.objc; path = MatchismoTests.m; sourceTree = "<group>"; };
		03EB997818470B2100CDB5FE /* Card.h */ = {isa = PBXFileReference; fileEncoding = 4; lastKnownFileType = sourcecode.c.h; name = Card.h; path = Model/Card.h; sourceTree = "<group>"; };
		03EB997918470B2100CDB5FE /* Card.m */ = {isa = PBXFileReference; fileEncoding = 4; lastKnownFileType = sourcecode.c.objc; name = Card.m; path = Model/Card.m; sourceTree = "<group>"; };
		03EB997C184726C000CDB5FE /* PlayingCard.h */ = {isa = PBXFileReference; fileEncoding = 4; lastKnownFileType = sourcecode.c.h; name = PlayingCard.h; path = Model/PlayingCard.h; sourceTree = "<group>"; };
		03EB997D184726C000CDB5FE /* PlayingCard.m */ = {isa = PBXFileReference; fileEncoding = 4; lastKnownFileType = sourcecode.c.objc; name = PlayingCard.m; path = Model/PlayingCard.m; sourceTree = "<group>"; };
		03EB997F18472A5600CDB5FE /* Deck.h */ = {isa = PBXFileReference; fileEncoding = 4; lastKnownFileType = sourcecode.c.h; path = Deck.h; sourceTree = "<group>"; };
		03EB998018472A5600CDB5FE /* Deck.m */ = {isa = PBXFileReference; fileEncoding = 4; lastKnownFileType = sourcecode.c.objc; path = Deck.m; sourceTree = "<group>"; };
		03EB9985184825B700CDB5FE /* PlayingCardDeck.h */ = {isa = PBXFileReference; fileEncoding = 4; lastKnownFileType = sourcecode.c.h; name = PlayingCardDeck.h; path = ../PlayingCardDeck.h; sourceTree = "<group>"; };
		03EB9986184825B700CDB5FE /* PlayingCardDeck.m */ = {isa = PBXFileReference; fileEncoding = 4; lastKnownFileType = sourcecode.c.objc; name = PlayingCardDeck.m; path = ../PlayingCardDeck.m; sourceTree = "<group>"; };
		03EB99881848327300CDB5FE /* CardMatchingGame.h */ = {isa = PBXFileReference; fileEncoding = 4; lastKnownFileType = sourcecode.c.h; name = CardMatchingGame.h; path = Model/CardMatchingGame.h; sourceTree = "<group>"; };
		03EB99891848327300CDB5FE /* CardMatchingGame.m */ = {isa = PBXFileReference; fileEncoding = 4; lastKnownFileType = sourcecode.c.objc; name = CardMatchingGame.m; path = Model/CardMatchingGame.m; sourceTree = "<group>"; };
/* End PBXFileReference section */

/* Begin PBXFrameworksBuildPhase section */
		03EB993D1846E05200CDB5FE /* Frameworks */ = {
			isa = PBXFrameworksBuildPhase;
			buildActionMask = 2147483647;
			files = (
				03EB99461846E05200CDB5FE /* CoreGraphics.framework in Frameworks */,
				03EB99481846E05200CDB5FE /* UIKit.framework in Frameworks */,
				03EB99441846E05200CDB5FE /* Foundation.framework in Frameworks */,
			);
			runOnlyForDeploymentPostprocessing = 0;
		};
		03EB995E1846E05200CDB5FE /* Frameworks */ = {
			isa = PBXFrameworksBuildPhase;
			buildActionMask = 2147483647;
			files = (
				03EB99631846E05200CDB5FE /* XCTest.framework in Frameworks */,
				03EB99651846E05200CDB5FE /* UIKit.framework in Frameworks */,
				03EB99641846E05200CDB5FE /* Foundation.framework in Frameworks */,
			);
			runOnlyForDeploymentPostprocessing = 0;
		};
/* End PBXFrameworksBuildPhase section */

/* Begin PBXGroup section */
		03EB99371846E05200CDB5FE = {
			isa = PBXGroup;
			children = (
				03EB99491846E05200CDB5FE /* Matchismo */,
				03EB99681846E05200CDB5FE /* MatchismoTests */,
				03EB99421846E05200CDB5FE /* Frameworks */,
				03EB99411846E05200CDB5FE /* Products */,
			);
			sourceTree = "<group>";
		};
		03EB99411846E05200CDB5FE /* Products */ = {
			isa = PBXGroup;
			children = (
				03EB99401846E05200CDB5FE /* Matchismo.app */,
				03EB99611846E05200CDB5FE /* MatchismoTests.xctest */,
			);
			name = Products;
			sourceTree = "<group>";
		};
		03EB99421846E05200CDB5FE /* Frameworks */ = {
			isa = PBXGroup;
			children = (
				03EB99431846E05200CDB5FE /* Foundation.framework */,
				03EB99451846E05200CDB5FE /* CoreGraphics.framework */,
				03EB99471846E05200CDB5FE /* UIKit.framework */,
				03EB99621846E05200CDB5FE /* XCTest.framework */,
			);
			name = Frameworks;
			sourceTree = "<group>";
		};
		03EB99491846E05200CDB5FE /* Matchismo */ = {
			isa = PBXGroup;
			children = (
				03EB99551846E05200CDB5FE /* Main.storyboard */,
				03EB99581846E05200CDB5FE /* CardGameViewController.h */,
				03EB99591846E05200CDB5FE /* CardGameViewController.m */,
				03EB997B184710E300CDB5FE /* Model */,
				03EB995B1846E05200CDB5FE /* Images.xcassets */,
				03EB994A1846E05200CDB5FE /* Supporting Files */,
			);
			path = Matchismo;
			sourceTree = "<group>";
		};
		03EB994A1846E05200CDB5FE /* Supporting Files */ = {
			isa = PBXGroup;
			children = (
				03EB99521846E05200CDB5FE /* CardGameAppDelegate.h */,
				03EB99531846E05200CDB5FE /* CardGameAppDelegate.m */,
				03EB994B1846E05200CDB5FE /* Matchismo-Info.plist */,
				03EB994C1846E05200CDB5FE /* InfoPlist.strings */,
				03EB994F1846E05200CDB5FE /* main.m */,
				03EB99511846E05200CDB5FE /* Matchismo-Prefix.pch */,
			);
			name = "Supporting Files";
			sourceTree = "<group>";
		};
		03EB99681846E05200CDB5FE /* MatchismoTests */ = {
			isa = PBXGroup;
			children = (
				03EB996E1846E05200CDB5FE /* MatchismoTests.m */,
				03EB99691846E05200CDB5FE /* Supporting Files */,
			);
			path = MatchismoTests;
			sourceTree = "<group>";
		};
		03EB99691846E05200CDB5FE /* Supporting Files */ = {
			isa = PBXGroup;
			children = (
				03EB996A1846E05200CDB5FE /* MatchismoTests-Info.plist */,
				03EB996B1846E05200CDB5FE /* InfoPlist.strings */,
			);
			name = "Supporting Files";
			sourceTree = "<group>";
		};
		03EB997B184710E300CDB5FE /* Model */ = {
			isa = PBXGroup;
			children = (
				03EB99881848327300CDB5FE /* CardMatchingGame.h */,
				03EB99891848327300CDB5FE /* CardMatchingGame.m */,
				03EB997818470B2100CDB5FE /* Card.h */,
				03EB997918470B2100CDB5FE /* Card.m */,
				03EB997C184726C000CDB5FE /* PlayingCard.h */,
				03EB997D184726C000CDB5FE /* PlayingCard.m */,
				03EB997F18472A5600CDB5FE /* Deck.h */,
				03EB998018472A5600CDB5FE /* Deck.m */,
				03EB9985184825B700CDB5FE /* PlayingCardDeck.h */,
				03EB9986184825B700CDB5FE /* PlayingCardDeck.m */,
			);
			name = Model;
			sourceTree = "<group>";
		};
/* End PBXGroup section */

/* Begin PBXNativeTarget section */
		03EB993F1846E05200CDB5FE /* Matchismo */ = {
			isa = PBXNativeTarget;
			buildConfigurationList = 03EB99721846E05200CDB5FE /* Build configuration list for PBXNativeTarget "Matchismo" */;
			buildPhases = (
				03EB993C1846E05200CDB5FE /* Sources */,
				03EB993D1846E05200CDB5FE /* Frameworks */,
				03EB993E1846E05200CDB5FE /* Resources */,
			);
			buildRules = (
			);
			dependencies = (
			);
			name = Matchismo;
			productName = Matchismo;
			productReference = 03EB99401846E05200CDB5FE /* Matchismo.app */;
			productType = "com.apple.product-type.application";
		};
		03EB99601846E05200CDB5FE /* MatchismoTests */ = {
			isa = PBXNativeTarget;
			buildConfigurationList = 03EB99751846E05200CDB5FE /* Build configuration list for PBXNativeTarget "MatchismoTests" */;
			buildPhases = (
				03EB995D1846E05200CDB5FE /* Sources */,
				03EB995E1846E05200CDB5FE /* Frameworks */,
				03EB995F1846E05200CDB5FE /* Resources */,
			);
			buildRules = (
			);
			dependencies = (
				03EB99671846E05200CDB5FE /* PBXTargetDependency */,
			);
			name = MatchismoTests;
			productName = MatchismoTests;
			productReference = 03EB99611846E05200CDB5FE /* MatchismoTests.xctest */;
			productType = "com.apple.product-type.bundle.unit-test";
		};
/* End PBXNativeTarget section */

/* Begin PBXProject section */
		03EB99381846E05200CDB5FE /* Project object */ = {
			isa = PBXProject;
			attributes = {
				CLASSPREFIX = CardGame;
				LastUpgradeCheck = 0500;
				ORGANIZATIONNAME = stone;
				TargetAttributes = {
					03EB99601846E05200CDB5FE = {
						TestTargetID = 03EB993F1846E05200CDB5FE;
					};
				};
			};
			buildConfigurationList = 03EB993B1846E05200CDB5FE /* Build configuration list for PBXProject "Matchismo" */;
			compatibilityVersion = "Xcode 3.2";
			developmentRegion = English;
			hasScannedForEncodings = 0;
			knownRegions = (
				en,
				Base,
			);
			mainGroup = 03EB99371846E05200CDB5FE;
			productRefGroup = 03EB99411846E05200CDB5FE /* Products */;
			projectDirPath = "";
			projectRoot = "";
			targets = (
				03EB993F1846E05200CDB5FE /* Matchismo */,
				03EB99601846E05200CDB5FE /* MatchismoTests */,
			);
		};
/* End PBXProject section */

/* Begin PBXResourcesBuildPhase section */
		03EB993E1846E05200CDB5FE /* Resources */ = {
			isa = PBXResourcesBuildPhase;
			buildActionMask = 2147483647;
			files = (
				03EB995C1846E05200CDB5FE /* Images.xcassets in Resources */,
				03EB994E1846E05200CDB5FE /* InfoPlist.strings in Resources */,
				03EB99571846E05200CDB5FE /* Main.storyboard in Resources */,
			);
			runOnlyForDeploymentPostprocessing = 0;
		};
		03EB995F1846E05200CDB5FE /* Resources */ = {
			isa = PBXResourcesBuildPhase;
			buildActionMask = 2147483647;
			files = (
				03EB996D1846E05200CDB5FE /* InfoPlist.strings in Resources */,
			);
			runOnlyForDeploymentPostprocessing = 0;
		};
/* End PBXResourcesBuildPhase section */

/* Begin PBXSourcesBuildPhase section */
		03EB993C1846E05200CDB5FE /* Sources */ = {
			isa = PBXSourcesBuildPhase;
			buildActionMask = 2147483647;
			files = (
				03EB99541846E05200CDB5FE /* CardGameAppDelegate.m in Sources */,
				03EB995A1846E05200CDB5FE /* CardGameViewController.m in Sources */,
				03EB99501846E05200CDB5FE /* main.m in Sources */,
				03EB997E184726C000CDB5FE /* PlayingCard.m in Sources */,
				03EB998A1848327300CDB5FE /* CardMatchingGame.m in Sources */,
				03EB9987184825B700CDB5FE /* PlayingCardDeck.m in Sources */,
				03EB998118472A5600CDB5FE /* Deck.m in Sources */,
				03EB997A18470B2100CDB5FE /* Card.m in Sources */,
			);
			runOnlyForDeploymentPostprocessing = 0;
		};
		03EB995D1846E05200CDB5FE /* Sources */ = {
			isa = PBXSourcesBuildPhase;
			buildActionMask = 2147483647;
			files = (
				03EB996F1846E05200CDB5FE /* MatchismoTests.m in Sources */,
			);
			runOnlyForDeploymentPostprocessing = 0;
		};
/* End PBXSourcesBuildPhase section */

/* Begin PBXTargetDependency section */
		03EB99671846E05200CDB5FE /* PBXTargetDependency */ = {
			isa = PBXTargetDependency;
			target = 03EB993F1846E05200CDB5FE /* Matchismo */;
			targetProxy = 03EB99661846E05200CDB5FE /* PBXContainerItemProxy */;
		};
/* End PBXTargetDependency section */

/* Begin PBXVariantGroup section */
		03EB994C1846E05200CDB5FE /* InfoPlist.strings */ = {
			isa = PBXVariantGroup;
			children = (
				03EB994D1846E05200CDB5FE /* en */,
			);
			name = InfoPlist.strings;
			sourceTree = "<group>";
		};
		03EB99551846E05200CDB5FE /* Main.storyboard */ = {
			isa = PBXVariantGroup;
			children = (
				03EB99561846E05200CDB5FE /* Base */,
			);
			name = Main.storyboard;
			sourceTree = "<group>";
		};
		03EB996B1846E05200CDB5FE /* InfoPlist.strings */ = {
			isa = PBXVariantGroup;
			children = (
				03EB996C1846E05200CDB5FE /* en */,
			);
			name = InfoPlist.strings;
			sourceTree = "<group>";
		};
/* End PBXVariantGroup section */

/* Begin XCBuildConfiguration section */
		03EB99701846E05200CDB5FE /* Debug */ = {
			isa = XCBuildConfiguration;
			buildSettings = {
				ALWAYS_SEARCH_USER_PATHS = NO;
				ARCHS = "$(ARCHS_STANDARD_INCLUDING_64_BIT)";
				CLANG_CXX_LANGUAGE_STANDARD = "gnu++0x";
				CLANG_CXX_LIBRARY = "libc++";
				CLANG_ENABLE_MODULES = YES;
				CLANG_ENABLE_OBJC_ARC = YES;
				CLANG_WARN_BOOL_CONVERSION = YES;
				CLANG_WARN_CONSTANT_CONVERSION = YES;
				CLANG_WARN_DIRECT_OBJC_ISA_USAGE = YES_ERROR;
				CLANG_WARN_EMPTY_BODY = YES;
				CLANG_WARN_ENUM_CONVERSION = YES;
				CLANG_WARN_INT_CONVERSION = YES;
				CLANG_WARN_OBJC_ROOT_CLASS = YES_ERROR;
				CLANG_WARN__DUPLICATE_METHOD_MATCH = YES;
				"CODE_SIGN_IDENTITY[sdk=iphoneos*]" = "iPhone Developer";
				COPY_PHASE_STRIP = NO;
				GCC_C_LANGUAGE_STANDARD = gnu99;
				GCC_DYNAMIC_NO_PIC = NO;
				GCC_OPTIMIZATION_LEVEL = 0;
				GCC_PREPROCESSOR_DEFINITIONS = (
					"DEBUG=1",
					"$(inherited)",
				);
				GCC_SYMBOLS_PRIVATE_EXTERN = NO;
				GCC_WARN_64_TO_32_BIT_CONVERSION = YES;
				GCC_WARN_ABOUT_RETURN_TYPE = YES_ERROR;
				GCC_WARN_UNDECLARED_SELECTOR = YES;
				GCC_WARN_UNINITIALIZED_AUTOS = YES;
				GCC_WARN_UNUSED_FUNCTION = YES;
				GCC_WARN_UNUSED_VARIABLE = YES;
				IPHONEOS_DEPLOYMENT_TARGET = 7.0;
				ONLY_ACTIVE_ARCH = YES;
				SDKROOT = iphoneos;
			};
			name = Debug;
		};
		03EB99711846E05200CDB5FE /* Release */ = {
			isa = XCBuildConfiguration;
			buildSettings = {
				ALWAYS_SEARCH_USER_PATHS = NO;
				ARCHS = "$(ARCHS_STANDARD_INCLUDING_64_BIT)";
				CLANG_CXX_LANGUAGE_STANDARD = "gnu++0x";
				CLANG_CXX_LIBRARY = "libc++";
				CLANG_ENABLE_MODULES = YES;
				CLANG_ENABLE_OBJC_ARC = YES;
				CLANG_WARN_BOOL_CONVERSION = YES;
				CLANG_WARN_CONSTANT_CONVERSION = YES;
				CLANG_WARN_DIRECT_OBJC_ISA_USAGE = YES_ERROR;
				CLANG_WARN_EMPTY_BODY = YES;
				CLANG_WARN_ENUM_CONVERSION = YES;
				CLANG_WARN_INT_CONVERSION = YES;
				CLANG_WARN_OBJC_ROOT_CLASS = YES_ERROR;
				CLANG_WARN__DUPLICATE_METHOD_MATCH = YES;
				"CODE_SIGN_IDENTITY[sdk=iphoneos*]" = "iPhone Developer";
				COPY_PHASE_STRIP = YES;
				ENABLE_NS_ASSERTIONS = NO;
				GCC_C_LANGUAGE_STANDARD = gnu99;
				GCC_WARN_64_TO_32_BIT_CONVERSION = YES;
				GCC_WARN_ABOUT_RETURN_TYPE = YES_ERROR;
				GCC_WARN_UNDECLARED_SELECTOR = YES;
				GCC_WARN_UNINITIALIZED_AUTOS = YES;
				GCC_WARN_UNUSED_FUNCTION = YES;
				GCC_WARN_UNUSED_VARIABLE = YES;
				IPHONEOS_DEPLOYMENT_TARGET = 7.0;
				SDKROOT = iphoneos;
				VALIDATE_PRODUCT = YES;
			};
			name = Release;
		};
		03EB99731846E05200CDB5FE /* Debug */ = {
			isa = XCBuildConfiguration;
			buildSettings = {
				ASSETCATALOG_COMPILER_APPICON_NAME = AppIcon;
				ASSETCATALOG_COMPILER_LAUNCHIMAGE_NAME = LaunchImage;
				GCC_PRECOMPILE_PREFIX_HEADER = YES;
				GCC_PREFIX_HEADER = "Matchismo/Matchismo-Prefix.pch";
				INFOPLIST_FILE = "Matchismo/Matchismo-Info.plist";
				PRODUCT_NAME = "$(TARGET_NAME)";
				WRAPPER_EXTENSION = app;
			};
			name = Debug;
		};
		03EB99741846E05200CDB5FE /* Release */ = {
			isa = XCBuildConfiguration;
			buildSettings = {
				ASSETCATALOG_COMPILER_APPICON_NAME = AppIcon;
				ASSETCATALOG_COMPILER_LAUNCHIMAGE_NAME = LaunchImage;
				GCC_PRECOMPILE_PREFIX_HEADER = YES;
				GCC_PREFIX_HEADER = "Matchismo/Matchismo-Prefix.pch";
				INFOPLIST_FILE = "Matchismo/Matchismo-Info.plist";
				PRODUCT_NAME = "$(TARGET_NAME)";
				WRAPPER_EXTENSION = app;
			};
			name = Release;
		};
		03EB99761846E05200CDB5FE /* Debug */ = {
			isa = XCBuildConfiguration;
			buildSettings = {
				ARCHS = "$(ARCHS_STANDARD_INCLUDING_64_BIT)";
				BUNDLE_LOADER = "$(BUILT_PRODUCTS_DIR)/Matchismo.app/Matchismo";
				FRAMEWORK_SEARCH_PATHS = (
					"$(SDKROOT)/Developer/Library/Frameworks",
					"$(inherited)",
					"$(DEVELOPER_FRAMEWORKS_DIR)",
				);
				GCC_PRECOMPILE_PREFIX_HEADER = YES;
				GCC_PREFIX_HEADER = "Matchismo/Matchismo-Prefix.pch";
				GCC_PREPROCESSOR_DEFINITIONS = (
					"DEBUG=1",
					"$(inherited)",
				);
				INFOPLIST_FILE = "MatchismoTests/MatchismoTests-Info.plist";
				PRODUCT_NAME = "$(TARGET_NAME)";
				TEST_HOST = "$(BUNDLE_LOADER)";
				WRAPPER_EXTENSION = xctest;
			};
			name = Debug;
		};
		03EB99771846E05200CDB5FE /* Release */ = {
			isa = XCBuildConfiguration;
			buildSettings = {
				ARCHS = "$(ARCHS_STANDARD_INCLUDING_64_BIT)";
				BUNDLE_LOADER = "$(BUILT_PRODUCTS_DIR)/Matchismo.app/Matchismo";
				FRAMEWORK_SEARCH_PATHS = (
					"$(SDKROOT)/Developer/Library/Frameworks",
					"$(inherited)",
					"$(DEVELOPER_FRAMEWORKS_DIR)",
				);
				GCC_PRECOMPILE_PREFIX_HEADER = YES;
				GCC_PREFIX_HEADER = "Matchismo/Matchismo-Prefix.pch";
				INFOPLIST_FILE = "MatchismoTests/MatchismoTests-Info.plist";
				PRODUCT_NAME = "$(TARGET_NAME)";
				TEST_HOST = "$(BUNDLE_LOADER)";
				WRAPPER_EXTENSION = xctest;
			};
			name = Release;
		};
/* End XCBuildConfiguration section */

/* Begin XCConfigurationList section */
		03EB993B1846E05200CDB5FE /* Build configuration list for PBXProject "Matchismo" */ = {
			isa = XCConfigurationList;
			buildConfigurations = (
				03EB99701846E05200CDB5FE /* Debug */,
				03EB99711846E05200CDB5FE /* Release */,
			);
			defaultConfigurationIsVisible = 0;
			defaultConfigurationName = Release;
		};
		03EB99721846E05200CDB5FE /* Build configuration list for PBXNativeTarget "Matchismo" */ = {
			isa = XCConfigurationList;
			buildConfigurations = (
				03EB99731846E05200CDB5FE /* Debug */,
				03EB99741846E05200CDB5FE /* Release */,
			);
			defaultConfigurationIsVisible = 0;
		};
		03EB99751846E05200CDB5FE /* Build configuration list for PBXNativeTarget "MatchismoTests" */ = {
			isa = XCConfigurationList;
			buildConfigurations = (
				03EB99761846E05200CDB5FE /* Debug */,
				03EB99771846E05200CDB5FE /* Release */,
			);
			defaultConfigurationIsVisible = 0;
		};
/* End XCConfigurationList section */
	};
	rootObject = 03EB99381846E05200CDB5FE /* Project object */;
}
